
Microsoft Visual Studio Solution File, Format Version 12.00
# Visual Studio 15
VisualStudioVersion = 15.0.28307.572
MinimumVisualStudioVersion = 10.0.40219.1
Project("{FAE04EC0-301F-11D3-BF4B-00C04F79EFBC}") = "Calabonga.AspNetCore.MicroModule.Web", "Calabonga.AspNetCore.MicroModule\Calabonga.AspNetCore.MicroModule.Web\Calabonga.AspNetCore.MicroModule.Web.csproj", "{0E231D63-078D-4E25-B6AD-1F1A4D314A68}"
EndProject
Project("{FAE04EC0-301F-11D3-BF4B-00C04F79EFBC}") = "Calabonga.AspNetCore.MicroModule.Data", "Calabonga.AspNetCore.MicroModule\Calabonga.AspNetCore.MicroModule.Data\Calabonga.AspNetCore.MicroModule.Data.csproj", "{DC0B871B-A203-46B7-819F-0B82F3BBD6C9}"
EndProject
Project("{FAE04EC0-301F-11D3-BF4B-00C04F79EFBC}") = "Calabonga.AspNetCore.MicroModule.Models", "Calabonga.AspNetCore.MicroModule\Calabonga.AspNetCore.MicroModule.Models\Calabonga.AspNetCore.MicroModule.Models.csproj", "{800A180B-306A-4A73-851A-3F7D77956A79}"
EndProject
Project("{FAE04EC0-301F-11D3-BF4B-00C04F79EFBC}") = "Calabonga.AspNetCore.MicroModule.Core", "Calabonga.AspNetCore.MicroModule\Calabonga.AspNetCore.MicroModule.Core\Calabonga.AspNetCore.MicroModule.Core.csproj", "{73DCAF55-DD4A-4A0F-9264-FBB50DBFAB49}"
EndProject
Global
	GlobalSection(SolutionConfigurationPlatforms) = preSolution
		Debug|Any CPU = Debug|Any CPU
		Release|Any CPU = Release|Any CPU
	EndGlobalSection
	GlobalSection(ProjectConfigurationPlatforms) = postSolution
		{0E231D63-078D-4E25-B6AD-1F1A4D314A68}.Debug|Any CPU.ActiveCfg = Debug|Any CPU
		{0E231D63-078D-4E25-B6AD-1F1A4D314A68}.Debug|Any CPU.Build.0 = Debug|Any CPU
		{0E231D63-078D-4E25-B6AD-1F1A4D314A68}.Release|Any CPU.ActiveCfg = Release|Any CPU
		{0E231D63-078D-4E25-B6AD-1F1A4D314A68}.Release|Any CPU.Build.0 = Release|Any CPU
		{DC0B871B-A203-46B7-819F-0B82F3BBD6C9}.Debug|Any CPU.ActiveCfg = Debug|Any CPU
		{DC0B871B-A203-46B7-819F-0B82F3BBD6C9}.Debug|Any CPU.Build.0 = Debug|Any CPU
		{DC0B871B-A203-46B7-819F-0B82F3BBD6C9}.Release|Any CPU.ActiveCfg = Release|Any CPU
		{DC0B871B-A203-46B7-819F-0B82F3BBD6C9}.Release|Any CPU.Build.0 = Release|Any CPU
		{800A180B-306A-4A73-851A-3F7D77956A79}.Debug|Any CPU.ActiveCfg = Debug|Any CPU
		{800A180B-306A-4A73-851A-3F7D77956A79}.Debug|Any CPU.Build.0 = Debug|Any CPU
		{800A180B-306A-4A73-851A-3F7D77956A79}.Release|Any CPU.ActiveCfg = Release|Any CPU
		{800A180B-306A-4A73-851A-3F7D77956A79}.Release|Any CPU.Build.0 = Release|Any CPU
		{73DCAF55-DD4A-4A0F-9264-FBB50DBFAB49}.Debug|Any CPU.ActiveCfg = Debug|Any CPU
		{73DCAF55-DD4A-4A0F-9264-FBB50DBFAB49}.Debug|Any CPU.Build.0 = Debug|Any CPU
		{73DCAF55-DD4A-4A0F-9264-FBB50DBFAB49}.Release|Any CPU.ActiveCfg = Release|Any CPU
		{73DCAF55-DD4A-4A0F-9264-FBB50DBFAB49}.Release|Any CPU.Build.0 = Release|Any CPU
	EndGlobalSection
	GlobalSection(SolutionProperties) = preSolution
		HideSolutionNode = FALSE
	EndGlobalSection
	GlobalSection(ExtensibilityGlobals) = postSolution
		SolutionGuid = {526BA56A-5A9F-41A5-8871-FB64D10CD29C}
	EndGlobalSection
EndGlobal
