Microsoft Visual Studio Solution File, Format Version 12.00
# Visual Studio Version 17
VisualStudioVersion = 17.14.36414.22
MinimumVisualStudioVersion = 10.0.40219.1
Project("{FAE04EC0-301F-11D3-BF4B-00C04F79EFBC}") = "Calabonga.Microservice.RazorPages.Web", "Calabonga.Microservice.RazorPages.Web\Calabonga.Microservice.RazorPages.Web.csproj", "{D65E4A23-C1B4-4EAB-BF84-EED17F53210D}"
EndProject
Project("{FAE04EC0-301F-11D3-BF4B-00C04F79EFBC}") = "Calabonga.Microservice.RazorPages.Domain", "Calabonga.Microservice.RazorPages.Domain\Calabonga.Microservice.RazorPages.Domain.csproj", "{7588F41F-A5E6-4EDB-9B36-7724B3D90AAE}"
EndProject
Project("{FAE04EC0-301F-11D3-BF4B-00C04F79EFBC}") = "Calabonga.Microservice.RazorPages.Infrastructure", "Calabonga.Microservice.RazorPages.Infrastructure\Calabonga.Microservice.RazorPages.Infrastructure.csproj", "{96AF0F5B-A6AC-4502-A026-1028C9467DDA}"
EndProject
Global
	GlobalSection(SolutionConfigurationPlatforms) = preSolution
		Debug|Any CPU = Debug|Any CPU
		Release|Any CPU = Release|Any CPU
	EndGlobalSection
	GlobalSection(ProjectConfigurationPlatforms) = postSolution
		{D65E4A23-C1B4-4EAB-BF84-EED17F53210D}.Debug|Any CPU.ActiveCfg = Debug|Any CPU
		{D65E4A23-C1B4-4EAB-BF84-EED17F53210D}.Debug|Any CPU.Build.0 = Debug|Any CPU
		{D65E4A23-C1B4-4EAB-BF84-EED17F53210D}.Release|Any CPU.ActiveCfg = Release|Any CPU
		{D65E4A23-C1B4-4EAB-BF84-EED17F53210D}.Release|Any CPU.Build.0 = Release|Any CPU
		{7588F41F-A5E6-4EDB-9B36-7724B3D90AAE}.Debug|Any CPU.ActiveCfg = Debug|Any CPU
		{7588F41F-A5E6-4EDB-9B36-7724B3D90AAE}.Debug|Any CPU.Build.0 = Debug|Any CPU
		{7588F41F-A5E6-4EDB-9B36-7724B3D90AAE}.Release|Any CPU.ActiveCfg = Release|Any CPU
		{7588F41F-A5E6-4EDB-9B36-7724B3D90AAE}.Release|Any CPU.Build.0 = Release|Any CPU
		{96AF0F5B-A6AC-4502-A026-1028C9467DDA}.Debug|Any CPU.ActiveCfg = Debug|Any CPU
		{96AF0F5B-A6AC-4502-A026-1028C9467DDA}.Debug|Any CPU.Build.0 = Debug|Any CPU
		{96AF0F5B-A6AC-4502-A026-1028C9467DDA}.Release|Any CPU.ActiveCfg = Release|Any CPU
		{96AF0F5B-A6AC-4502-A026-1028C9467DDA}.Release|Any CPU.Build.0 = Release|Any CPU
	EndGlobalSection
	GlobalSection(SolutionProperties) = preSolution
		HideSolutionNode = FALSE
	EndGlobalSection
	GlobalSection(ExtensibilityGlobals) = postSolution
		SolutionGuid = {24E69B79-B910-4A94-9ED3-8333349DD23F}
	EndGlobalSection
EndGlobal
