
Microsoft Visual Studio Solution File, Format Version 12.00
# Visual Studio Version 17
VisualStudioVersion = 17.0.31912.275
MinimumVisualStudioVersion = 10.0.40219.1
Project("{FAE04EC0-301F-11D3-BF4B-00C04F79EFBC}") = "Calabonga.Microservice.IdentityModule.Web", "Calabonga.Microservice.IdentityModule.Web\Calabonga.Microservice.IdentityModule.Web.csproj", "{86AB0DF1-3EC9-4057-8A94-40C984DA4E93}"
EndProject
Project("{FAE04EC0-301F-11D3-BF4B-00C04F79EFBC}") = "Calabonga.Microservice.IdentityModule.Data", "Calabonga.Microservice.IdentityModule.Data\Calabonga.Microservice.IdentityModule.Data.csproj", "{C0581FAB-6C57-4564-9C08-2B0C7F9FD041}"
EndProject
Project("{FAE04EC0-301F-11D3-BF4B-00C04F79EFBC}") = "Calabonga.Microservice.IdentityModule.Entities", "Calabonga.Microservice.IdentityModule.Entities\Calabonga.Microservice.IdentityModule.Entities.csproj", "{26FFB071-E3DF-4DCC-8274-A07F9FC620A7}"
EndProject
Global
	GlobalSection(SolutionConfigurationPlatforms) = preSolution
		Debug|Any CPU = Debug|Any CPU
		Release|Any CPU = Release|Any CPU
	EndGlobalSection
	GlobalSection(ProjectConfigurationPlatforms) = postSolution
		{86AB0DF1-3EC9-4057-8A94-40C984DA4E93}.Debug|Any CPU.ActiveCfg = Debug|Any CPU
		{86AB0DF1-3EC9-4057-8A94-40C984DA4E93}.Debug|Any CPU.Build.0 = Debug|Any CPU
		{86AB0DF1-3EC9-4057-8A94-40C984DA4E93}.Release|Any CPU.ActiveCfg = Release|Any CPU
		{86AB0DF1-3EC9-4057-8A94-40C984DA4E93}.Release|Any CPU.Build.0 = Release|Any CPU
		{C0581FAB-6C57-4564-9C08-2B0C7F9FD041}.Debug|Any CPU.ActiveCfg = Debug|Any CPU
		{C0581FAB-6C57-4564-9C08-2B0C7F9FD041}.Debug|Any CPU.Build.0 = Debug|Any CPU
		{C0581FAB-6C57-4564-9C08-2B0C7F9FD041}.Release|Any CPU.ActiveCfg = Release|Any CPU
		{C0581FAB-6C57-4564-9C08-2B0C7F9FD041}.Release|Any CPU.Build.0 = Release|Any CPU
		{26FFB071-E3DF-4DCC-8274-A07F9FC620A7}.Debug|Any CPU.ActiveCfg = Debug|Any CPU
		{26FFB071-E3DF-4DCC-8274-A07F9FC620A7}.Debug|Any CPU.Build.0 = Debug|Any CPU
		{26FFB071-E3DF-4DCC-8274-A07F9FC620A7}.Release|Any CPU.ActiveCfg = Release|Any CPU
		{26FFB071-E3DF-4DCC-8274-A07F9FC620A7}.Release|Any CPU.Build.0 = Release|Any CPU
	EndGlobalSection
	GlobalSection(SolutionProperties) = preSolution
		HideSolutionNode = FALSE
	EndGlobalSection
	GlobalSection(ExtensibilityGlobals) = postSolution
		SolutionGuid = {3786D662-2989-44F4-BB48-AE4AF03DE7ED}
	EndGlobalSection
EndGlobal
