
Microsoft Visual Studio Solution File, Format Version 12.00
# Visual Studio Version 16
VisualStudioVersion = 16.0.30011.22
MinimumVisualStudioVersion = 10.0.40219.1
Project("{FAE04EC0-301F-11D3-BF4B-00C04F79EFBC}") = "MicroserviceTemplate", "MicroserviceTemplate.csproj", "{AA9EBB63-D06B-40A0-9CE9-033506EF8F3B}"
EndProject
Global
	GlobalSection(SolutionConfigurationPlatforms) = preSolution
		Debug|Any CPU = Debug|Any CPU
		Release|Any CPU = Release|Any CPU
	EndGlobalSection
	GlobalSection(ProjectConfigurationPlatforms) = postSolution
		{AA9EBB63-D06B-40A0-9CE9-033506EF8F3B}.Debug|Any CPU.ActiveCfg = Debug|Any CPU
		{AA9EBB63-D06B-40A0-9CE9-033506EF8F3B}.Debug|Any CPU.Build.0 = Debug|Any CPU
		{AA9EBB63-D06B-40A0-9CE9-033506EF8F3B}.Release|Any CPU.ActiveCfg = Release|Any CPU
		{AA9EBB63-D06B-40A0-9CE9-033506EF8F3B}.Release|Any CPU.Build.0 = Release|Any CPU
	EndGlobalSection
	GlobalSection(SolutionProperties) = preSolution
		HideSolutionNode = FALSE
	EndGlobalSection
	GlobalSection(ExtensibilityGlobals) = postSolution
		SolutionGuid = {5036DC93-4352-4A83-8FDE-1B86226260BA}
	EndGlobalSection
EndGlobal
