
Microsoft Visual Studio Solution File, Format Version 12.00
# Visual Studio Version 17
VisualStudioVersion = 17.1.32421.90
MinimumVisualStudioVersion = 10.0.40219.1
Project("{FAE04EC0-301F-11D3-BF4B-00C04F79EFBC}") = "Calabonga.AuthService.Web", "Calabonga.AuthService\Calabonga.AuthService.Web\Calabonga.AuthService.Web.csproj", "{82820971-C4DD-4107-A397-29DA07713E28}"
EndProject
Project("{FAE04EC0-301F-11D3-BF4B-00C04F79EFBC}") = "Calabonga.AuthService.Domain", "Calabonga.AuthService\Calabonga.AuthService.Domain\Calabonga.AuthService.Domain.csproj", "{F295EF4F-9873-49FC-983A-AC494F6131D2}"
EndProject
Project("{FAE04EC0-301F-11D3-BF4B-00C04F79EFBC}") = "Calabonga.AuthService.Infrastructure", "Calabonga.AuthService\Calabonga.AuthService.Infrastructure\Calabonga.AuthService.Infrastructure.csproj", "{6B046F2A-2EE0-413D-859E-1D4CD30D066A}"
EndProject
Global
	GlobalSection(SolutionConfigurationPlatforms) = preSolution
		Debug|Any CPU = Debug|Any CPU
		Release|Any CPU = Release|Any CPU
	EndGlobalSection
	GlobalSection(ProjectConfigurationPlatforms) = postSolution
		{82820971-C4DD-4107-A397-29DA07713E28}.Debug|Any CPU.ActiveCfg = Debug|Any CPU
		{82820971-C4DD-4107-A397-29DA07713E28}.Debug|Any CPU.Build.0 = Debug|Any CPU
		{82820971-C4DD-4107-A397-29DA07713E28}.Release|Any CPU.ActiveCfg = Release|Any CPU
		{82820971-C4DD-4107-A397-29DA07713E28}.Release|Any CPU.Build.0 = Release|Any CPU
		{F295EF4F-9873-49FC-983A-AC494F6131D2}.Debug|Any CPU.ActiveCfg = Debug|Any CPU
		{F295EF4F-9873-49FC-983A-AC494F6131D2}.Debug|Any CPU.Build.0 = Debug|Any CPU
		{F295EF4F-9873-49FC-983A-AC494F6131D2}.Release|Any CPU.ActiveCfg = Release|Any CPU
		{F295EF4F-9873-49FC-983A-AC494F6131D2}.Release|Any CPU.Build.0 = Release|Any CPU
		{6B046F2A-2EE0-413D-859E-1D4CD30D066A}.Debug|Any CPU.ActiveCfg = Debug|Any CPU
		{6B046F2A-2EE0-413D-859E-1D4CD30D066A}.Debug|Any CPU.Build.0 = Debug|Any CPU
		{6B046F2A-2EE0-413D-859E-1D4CD30D066A}.Release|Any CPU.ActiveCfg = Release|Any CPU
		{6B046F2A-2EE0-413D-859E-1D4CD30D066A}.Release|Any CPU.Build.0 = Release|Any CPU
	EndGlobalSection
	GlobalSection(SolutionProperties) = preSolution
		HideSolutionNode = FALSE
	EndGlobalSection
	GlobalSection(ExtensibilityGlobals) = postSolution
		SolutionGuid = {6C4879F7-325F-48F4-80E8-62B6E5409A8B}
	EndGlobalSection
EndGlobal
