
Microsoft Visual Studio Solution File, Format Version 12.00
# Visual Studio Version 17
VisualStudioVersion = 17.0.31912.275
MinimumVisualStudioVersion = 10.0.40219.1
Project("{9A19103F-16F7-4668-BE54-9A1E7A4F7556}") = "Calabonga.Microservice.IdentityModule.Domain", "Calabonga.Microservice.IdentityModule.Domain\Calabonga.Microservice.IdentityModule.Domain.csproj", "{787504CF-D00D-4D69-A5D9-8A19D94FD836}"
EndProject
Project("{9A19103F-16F7-4668-BE54-9A1E7A4F7556}") = "Calabonga.Microservice.IdentityModule.Infrastructure", "Calabonga.Microservice.IdentityModule.Infrastructure\Calabonga.Microservice.IdentityModule.Infrastructure.csproj", "{0B3AB526-4168-4856-BCAA-83DC3D4346E2}"
EndProject
Project("{9A19103F-16F7-4668-BE54-9A1E7A4F7556}") = "Calabonga.Microservice.IdentityModule.Web", "Calabonga.Microservice.IdentityModule.Web\Calabonga.Microservice.IdentityModule.Web.csproj", "{46BA86D8-9B2F-4875-990E-81A1FEE80743}"
EndProject
Project("{2150E333-8FDC-42A3-9474-1A3956D46DE8}") = "Solution Items", "Solution Items", "{6A86100C-580B-4880-ABB2-323A5D3BFBB7}"
	ProjectSection(SolutionItems) = preProject
		.editorconfig = .editorconfig
	EndProjectSection
EndProject
Global
	GlobalSection(SolutionConfigurationPlatforms) = preSolution
		Debug|Any CPU = Debug|Any CPU
		Release|Any CPU = Release|Any CPU
	EndGlobalSection
	GlobalSection(ProjectConfigurationPlatforms) = postSolution
		{787504CF-D00D-4D69-A5D9-8A19D94FD836}.Debug|Any CPU.ActiveCfg = Debug|Any CPU
		{787504CF-D00D-4D69-A5D9-8A19D94FD836}.Debug|Any CPU.Build.0 = Debug|Any CPU
		{787504CF-D00D-4D69-A5D9-8A19D94FD836}.Release|Any CPU.ActiveCfg = Release|Any CPU
		{787504CF-D00D-4D69-A5D9-8A19D94FD836}.Release|Any CPU.Build.0 = Release|Any CPU
		{0B3AB526-4168-4856-BCAA-83DC3D4346E2}.Debug|Any CPU.ActiveCfg = Debug|Any CPU
		{0B3AB526-4168-4856-BCAA-83DC3D4346E2}.Debug|Any CPU.Build.0 = Debug|Any CPU
		{0B3AB526-4168-4856-BCAA-83DC3D4346E2}.Release|Any CPU.ActiveCfg = Release|Any CPU
		{0B3AB526-4168-4856-BCAA-83DC3D4346E2}.Release|Any CPU.Build.0 = Release|Any CPU
		{46BA86D8-9B2F-4875-990E-81A1FEE80743}.Debug|Any CPU.ActiveCfg = Debug|Any CPU
		{46BA86D8-9B2F-4875-990E-81A1FEE80743}.Debug|Any CPU.Build.0 = Debug|Any CPU
		{46BA86D8-9B2F-4875-990E-81A1FEE80743}.Release|Any CPU.ActiveCfg = Release|Any CPU
		{46BA86D8-9B2F-4875-990E-81A1FEE80743}.Release|Any CPU.Build.0 = Release|Any CPU
	EndGlobalSection
	GlobalSection(SolutionProperties) = preSolution
		HideSolutionNode = FALSE
	EndGlobalSection
	GlobalSection(ExtensibilityGlobals) = postSolution
		SolutionGuid = {D943DDA9-307C-4FFF-8CAD-E4CA6ED24D61}
	EndGlobalSection
EndGlobal
