
Microsoft Visual Studio Solution File, Format Version 12.00
# Visual Studio Version 17
VisualStudioVersion = 17.6.33829.357
MinimumVisualStudioVersion = 10.0.40219.1
Project("{9A19103F-16F7-4668-BE54-9A1E7A4F7556}") = "Calabonga.Microservice.IdentityModule.Template", "Calabonga.Microservice.IdentityModule.Template.csproj", "{1DC0F63E-F155-421C-908B-5371B8F30222}"
EndProject
Global
	GlobalSection(SolutionConfigurationPlatforms) = preSolution
		Debug|Any CPU = Debug|Any CPU
		Release|Any CPU = Release|Any CPU
	EndGlobalSection
	GlobalSection(ProjectConfigurationPlatforms) = postSolution
		{1DC0F63E-F155-421C-908B-5371B8F30222}.Debug|Any CPU.ActiveCfg = Debug|Any CPU
		{1DC0F63E-F155-421C-908B-5371B8F30222}.Debug|Any CPU.Build.0 = Debug|Any CPU
		{1DC0F63E-F155-421C-908B-5371B8F30222}.Release|Any CPU.ActiveCfg = Release|Any CPU
		{1DC0F63E-F155-421C-908B-5371B8F30222}.Release|Any CPU.Build.0 = Release|Any CPU
	EndGlobalSection
	GlobalSection(SolutionProperties) = preSolution
		HideSolutionNode = FALSE
	EndGlobalSection
	GlobalSection(ExtensibilityGlobals) = postSolution
		SolutionGuid = {0F573422-942E-49C1-9F7A-8623A0C22AA8}
	EndGlobalSection
EndGlobal
