
Microsoft Visual Studio Solution File, Format Version 12.00
# Visual Studio Version 16
VisualStudioVersion = 16.0.29326.143
MinimumVisualStudioVersion = 10.0.40219.1
Project("{FAE04EC0-301F-11D3-BF4B-00C04F79EFBC}") = "Calabonga.Microservices.Web.Core", "Calabonga.Microservices.Web.Core\Calabonga.Microservices.Web.Core.csproj", "{0802769F-859B-4F53-A5E5-06B5B3EEB89A}"
EndProject
Global
	GlobalSection(SolutionConfigurationPlatforms) = preSolution
		Debug|Any CPU = Debug|Any CPU
		Release|Any CPU = Release|Any CPU
	EndGlobalSection
	GlobalSection(ProjectConfigurationPlatforms) = postSolution
		{0802769F-859B-4F53-A5E5-06B5B3EEB89A}.Debug|Any CPU.ActiveCfg = Debug|Any CPU
		{0802769F-859B-4F53-A5E5-06B5B3EEB89A}.Debug|Any CPU.Build.0 = Debug|Any CPU
		{0802769F-859B-4F53-A5E5-06B5B3EEB89A}.Release|Any CPU.ActiveCfg = Release|Any CPU
		{0802769F-859B-4F53-A5E5-06B5B3EEB89A}.Release|Any CPU.Build.0 = Release|Any CPU
	EndGlobalSection
	GlobalSection(SolutionProperties) = preSolution
		HideSolutionNode = FALSE
	EndGlobalSection
	GlobalSection(ExtensibilityGlobals) = postSolution
		SolutionGuid = {6AAADAB3-F060-4EC9-939A-AA426104B7BF}
	EndGlobalSection
EndGlobal
